
Microsoft Visual Studio Solution File, Format Version 12.00
# Visual Studio Version 17
VisualStudioVersion = 17.0.31903.59
MinimumVisualStudioVersion = 10.0.40219.1
Project("{2150E333-8FDC-42A3-9474-1A3956D46DE8}") = "Services", "Services", "{02EA681E-C7D8-13C7-8484-4AC65E1B71E8}"
EndProject
Project("{2150E333-8FDC-42A3-9474-1A3956D46DE8}") = "BuildingBlocks", "BuildingBlocks", "{D75E9FE3-3284-4D86-B2C8-42DE3E68307B}"
EndProject
Project("{2150E333-8FDC-42A3-9474-1A3956D46DE8}") = "Tests", "Tests", "{6E794C3B-F831-41FD-92A0-9F3FA528173E}"
EndProject
Project("{2150E333-8FDC-42A3-9474-1A3956D46DE8}") = "Usuario", "Usuario", "{0ED1B0C7-2433-4FA6-8EB4-244472E8CCAB}"
EndProject
Project("{2150E333-8FDC-42A3-9474-1A3956D46DE8}") = "ContaCorrente", "ContaCorrente", "{FEE2AE94-DF5B-4506-B679-DD6F9F2131EA}"
EndProject
Project("{2150E333-8FDC-42A3-9474-1A3956D46DE8}") = "Transferencia", "Transferencia", "{0D7606EE-ED76-4465-AC1C-47E526169358}"
EndProject
Project("{2150E333-8FDC-42A3-9474-1A3956D46DE8}") = "Tarifa", "Tarifa", "{4E644F50-9BA7-4884-9942-B413AB03ACD8}"
EndProject
Project("{FAE04EC0-301F-11D3-BF4B-00C04F79EFBC}") = "BM.Usuario.WebAPI", "services\usuario\BM.Usuario.WebAPI\BM.Usuario.WebAPI.csproj", "{0964EA53-7799-434F-A0A6-CB5AED823FF8}"
EndProject
Project("{FAE04EC0-301F-11D3-BF4B-00C04F79EFBC}") = "BM.Usuario.Application", "services\usuario\BM.Usuario.Application\BM.Usuario.Application.csproj", "{8B400E7B-A1E5-4C1A-A1EB-5F214F26A16E}"
EndProject
Project("{FAE04EC0-301F-11D3-BF4B-00C04F79EFBC}") = "BM.Usuario.Infrastructure", "services\usuario\BM.Usuario.Infrastructure\BM.Usuario.Infrastructure.csproj", "{97B7F591-D68A-4247-AE13-E733D1ECFE4A}"
EndProject
Project("{FAE04EC0-301F-11D3-BF4B-00C04F79EFBC}") = "BM.Usuario.Domain", "services\usuario\BM.Usuario.Domain\BM.Usuario.Domain.csproj", "{E57ECE39-F63F-417D-9110-00DD5B83C195}"
EndProject
Project("{FAE04EC0-301F-11D3-BF4B-00C04F79EFBC}") = "BM.Transferencia.WebAPI", "services\transferencia\BM.Transferencia.WebAPI\BM.Transferencia.WebAPI.csproj", "{CC136C8F-892F-4FBE-B1B2-DA5BA1D129E6}"
EndProject
Project("{FAE04EC0-301F-11D3-BF4B-00C04F79EFBC}") = "BM.Transferencia.Domain", "services\transferencia\BM.Transferencia.Domain\BM.Transferencia.Domain.csproj", "{743F8234-971C-45B9-81D4-562AED23E274}"
EndProject
Project("{FAE04EC0-301F-11D3-BF4B-00C04F79EFBC}") = "BM.Transferencia.Application", "services\transferencia\BM.Transferencia.Application\BM.Transferencia.Application.csproj", "{D6F59981-80FE-4076-B16C-3B6759B61C72}"
EndProject
Project("{FAE04EC0-301F-11D3-BF4B-00C04F79EFBC}") = "BM.Transferencia.Infrastructure", "services\transferencia\BM.Transferencia.Infrastructure\BM.Transferencia.Infrastructure.csproj", "{A1A2901A-8242-4F44-A5F8-A0ADFCE01443}"
EndProject
Project("{FAE04EC0-301F-11D3-BF4B-00C04F79EFBC}") = "BM.ContaCorrente.WebAPI", "services\contacorrente\BM.ContaCorrente.WebAPI\BM.ContaCorrente.WebAPI.csproj", "{D3E71912-5FB2-41E4-A1B0-B53F7739EB3C}"
EndProject
Project("{FAE04EC0-301F-11D3-BF4B-00C04F79EFBC}") = "BM.ContaCorrente.Domain", "services\contacorrente\BM.ContaCorrente.Domain\BM.ContaCorrente.Domain.csproj", "{A2068434-E182-4EB5-A6E9-FAEF8725872B}"
EndProject
Project("{FAE04EC0-301F-11D3-BF4B-00C04F79EFBC}") = "BM.ContaCorrente.Application", "services\contacorrente\BM.ContaCorrente.Application\BM.ContaCorrente.Application.csproj", "{BA3D3BFD-E33D-46FD-937C-7ACD32A997A5}"
EndProject
Project("{FAE04EC0-301F-11D3-BF4B-00C04F79EFBC}") = "BM.ContaCorrente.Infrastructure", "services\contacorrente\BM.ContaCorrente.Infrastructure\BM.ContaCorrente.Infrastructure.csproj", "{4BC784DE-2CA2-4CBD-AB50-5A7E2BAB5601}"
EndProject
Project("{FAE04EC0-301F-11D3-BF4B-00C04F79EFBC}") = "BM.BuildingBlocks.WebAPI", "buildingblocks\BM.BuildingBlocks.WebAPI\BM.BuildingBlocks.WebAPI.csproj", "{3EFF096D-722C-4B67-B9BE-2D6E38D0433B}"
EndProject
Project("{FAE04EC0-301F-11D3-BF4B-00C04F79EFBC}") = "BM.BuildingBlocks.Domain", "buildingblocks\BM.BuildingBlocks.Domain\BM.BuildingBlocks.Domain.csproj", "{AEC6B9E3-68E6-4885-8AD0-E5A44DC24691}"
EndProject
Project("{FAE04EC0-301F-11D3-BF4B-00C04F79EFBC}") = "BM.BuildingBlocks.Application", "buildingblocks\BM.BuildingBlocks.Application\BM.BuildingBlocks.Application.csproj", "{87681249-D11B-40DF-A199-E82AA6E12BBF}"
EndProject
Project("{FAE04EC0-301F-11D3-BF4B-00C04F79EFBC}") = "BM.BuildingBlocks.Infrastructure", "buildingblocks\BM.BuildingBlocks.Infrastructure\BM.BuildingBlocks.Infrastructure.csproj", "{FAAD6B59-87EA-4F27-A19C-41EF4C37E59F}"
EndProject
Project("{FAE04EC0-301F-11D3-BF4B-00C04F79EFBC}") = "BM.BuildingBlocks.Core", "buildingblocks\BM.BuildingBlocks.Core\BM.BuildingBlocks.Core.csproj", "{B32F06A2-B6E5-44C1-90A4-F5A3AD9661D0}"
EndProject
Project("{FAE04EC0-301F-11D3-BF4B-00C04F79EFBC}") = "BM.BuildingBlocks.Integration.Tests", "buildingblocks\BM.BuildingBlocks.Integration.Tests\BM.BuildingBlocks.Integration.Tests.csproj", "{5A6B366F-4E26-4DB2-9DF0-A281C092D628}"
EndProject
Project("{FAE04EC0-301F-11D3-BF4B-00C04F79EFBC}") = "BM.TarifaService", "services\tarifa\BM.TarifaService\BM.TarifaService.csproj", "{729DB946-93A4-41CC-B7C5-3EF72AFA7D10}"
EndProject
Project("{2150E333-8FDC-42A3-9474-1A3956D46DE8}") = "Unit", "Unit", "{65C6BA38-EFD8-47F3-9484-7DED031DB637}"
EndProject
Project("{2150E333-8FDC-42A3-9474-1A3956D46DE8}") = "Integration", "Integration", "{37B3E511-E027-45C2-813B-6CD368833404}"
EndProject
Project("{FAE04EC0-301F-11D3-BF4B-00C04F79EFBC}") = "BM.ContaCorrente.Unit.Tests", "tests\unit\BM.ContaCorrente.Unit.Tests\BM.ContaCorrente.Unit.Tests.csproj", "{5F6829BB-21F7-4CAC-A867-2F0D5E81A55C}"
EndProject
Project("{FAE04EC0-301F-11D3-BF4B-00C04F79EFBC}") = "BM.Usuario.Unit.Tests", "tests\unit\BM.Usuario.Unit.Tests\BM.Usuario.Unit.Tests.csproj", "{4CED53F7-FDC5-424D-92E7-C126C65DC771}"
EndProject
Project("{FAE04EC0-301F-11D3-BF4B-00C04F79EFBC}") = "BM.Transferencia.Unit.Tests", "tests\unit\BM.Transferencia.Unit.Tests\BM.Transferencia.Unit.Tests.csproj", "{2AA23323-58BB-43F6-9625-4C7A9D8FE886}"
EndProject
Project("{FAE04EC0-301F-11D3-BF4B-00C04F79EFBC}") = "BM.TarifaService.Unit.Tests", "tests\unit\BM.TarifaService.Unit.Tests\BM.TarifaService.Unit.Tests.csproj", "{11CFFA8B-B23F-4B7F-9C61-7166F111C467}"
EndProject
Project("{FAE04EC0-301F-11D3-BF4B-00C04F79EFBC}") = "BM.ContaCorrente.Integration.Tests", "tests\integration\BM.ContaCorrente.Integration.Tests\BM.ContaCorrente.Integration.Tests.csproj", "{F7C1B4D5-9B68-4E7C-B56E-14B0274C6027}"
EndProject
Project("{FAE04EC0-301F-11D3-BF4B-00C04F79EFBC}") = "BM.Usuario.Integration.Tests", "tests\integration\BM.Usuario.Integration.Tests\BM.Usuario.Integration.Tests.csproj", "{5A56C973-E11D-4F3D-88B7-897A4E2A44DC}"
EndProject
Project("{FAE04EC0-301F-11D3-BF4B-00C04F79EFBC}") = "BM.Transferencia.Integration.Tests", "tests\integration\BM.Transferencia.Integration.Tests\BM.Transferencia.Integration.Tests.csproj", "{256B2C87-E1D7-44A5-93EA-019719265642}"
EndProject
Project("{FAE04EC0-301F-11D3-BF4B-00C04F79EFBC}") = "BM.TarifaService.Integration.Tests", "tests\integration\BM.TarifaService.Integration.Tests\BM.TarifaService.Integration.Tests.csproj", "{3A89886F-E325-4AD4-804A-C1FE2C76B7B7}"
EndProject
Project("{FAE04EC0-301F-11D3-BF4B-00C04F79EFBC}") = "BM.BuildingBlocks.Unit.Tests", "tests\unit\BM.BuildingBlocks.Unit.Tests\BM.BuildingBlocks.Unit.Tests.csproj", "{4E3A0FCF-424C-43AF-8E15-589C0AF36929}"
EndProject
Global
	GlobalSection(SolutionConfigurationPlatforms) = preSolution
		Debug|Any CPU = Debug|Any CPU
		Release|Any CPU = Release|Any CPU
	EndGlobalSection
	GlobalSection(ProjectConfigurationPlatforms) = postSolution
		{0964EA53-7799-434F-A0A6-CB5AED823FF8}.Debug|Any CPU.ActiveCfg = Debug|Any CPU
		{0964EA53-7799-434F-A0A6-CB5AED823FF8}.Debug|Any CPU.Build.0 = Debug|Any CPU
		{0964EA53-7799-434F-A0A6-CB5AED823FF8}.Release|Any CPU.ActiveCfg = Release|Any CPU
		{0964EA53-7799-434F-A0A6-CB5AED823FF8}.Release|Any CPU.Build.0 = Release|Any CPU
		{8B400E7B-A1E5-4C1A-A1EB-5F214F26A16E}.Debug|Any CPU.ActiveCfg = Debug|Any CPU
		{8B400E7B-A1E5-4C1A-A1EB-5F214F26A16E}.Debug|Any CPU.Build.0 = Debug|Any CPU
		{8B400E7B-A1E5-4C1A-A1EB-5F214F26A16E}.Release|Any CPU.ActiveCfg = Release|Any CPU
		{8B400E7B-A1E5-4C1A-A1EB-5F214F26A16E}.Release|Any CPU.Build.0 = Release|Any CPU
		{97B7F591-D68A-4247-AE13-E733D1ECFE4A}.Debug|Any CPU.ActiveCfg = Debug|Any CPU
		{97B7F591-D68A-4247-AE13-E733D1ECFE4A}.Debug|Any CPU.Build.0 = Debug|Any CPU
		{97B7F591-D68A-4247-AE13-E733D1ECFE4A}.Release|Any CPU.ActiveCfg = Release|Any CPU
		{97B7F591-D68A-4247-AE13-E733D1ECFE4A}.Release|Any CPU.Build.0 = Release|Any CPU
		{E57ECE39-F63F-417D-9110-00DD5B83C195}.Debug|Any CPU.ActiveCfg = Debug|Any CPU
		{E57ECE39-F63F-417D-9110-00DD5B83C195}.Debug|Any CPU.Build.0 = Debug|Any CPU
		{E57ECE39-F63F-417D-9110-00DD5B83C195}.Release|Any CPU.ActiveCfg = Release|Any CPU
		{E57ECE39-F63F-417D-9110-00DD5B83C195}.Release|Any CPU.Build.0 = Release|Any CPU
		{CC136C8F-892F-4FBE-B1B2-DA5BA1D129E6}.Debug|Any CPU.ActiveCfg = Debug|Any CPU
		{CC136C8F-892F-4FBE-B1B2-DA5BA1D129E6}.Debug|Any CPU.Build.0 = Debug|Any CPU
		{CC136C8F-892F-4FBE-B1B2-DA5BA1D129E6}.Release|Any CPU.ActiveCfg = Release|Any CPU
		{CC136C8F-892F-4FBE-B1B2-DA5BA1D129E6}.Release|Any CPU.Build.0 = Release|Any CPU
		{743F8234-971C-45B9-81D4-562AED23E274}.Debug|Any CPU.ActiveCfg = Debug|Any CPU
		{743F8234-971C-45B9-81D4-562AED23E274}.Debug|Any CPU.Build.0 = Debug|Any CPU
		{743F8234-971C-45B9-81D4-562AED23E274}.Release|Any CPU.ActiveCfg = Release|Any CPU
		{743F8234-971C-45B9-81D4-562AED23E274}.Release|Any CPU.Build.0 = Release|Any CPU
		{D6F59981-80FE-4076-B16C-3B6759B61C72}.Debug|Any CPU.ActiveCfg = Debug|Any CPU
		{D6F59981-80FE-4076-B16C-3B6759B61C72}.Debug|Any CPU.Build.0 = Debug|Any CPU
		{D6F59981-80FE-4076-B16C-3B6759B61C72}.Release|Any CPU.ActiveCfg = Release|Any CPU
		{D6F59981-80FE-4076-B16C-3B6759B61C72}.Release|Any CPU.Build.0 = Release|Any CPU
		{A1A2901A-8242-4F44-A5F8-A0ADFCE01443}.Debug|Any CPU.ActiveCfg = Debug|Any CPU
		{A1A2901A-8242-4F44-A5F8-A0ADFCE01443}.Debug|Any CPU.Build.0 = Debug|Any CPU
		{A1A2901A-8242-4F44-A5F8-A0ADFCE01443}.Release|Any CPU.ActiveCfg = Release|Any CPU
		{A1A2901A-8242-4F44-A5F8-A0ADFCE01443}.Release|Any CPU.Build.0 = Release|Any CPU
		{D3E71912-5FB2-41E4-A1B0-B53F7739EB3C}.Debug|Any CPU.ActiveCfg = Debug|Any CPU
		{D3E71912-5FB2-41E4-A1B0-B53F7739EB3C}.Debug|Any CPU.Build.0 = Debug|Any CPU
		{D3E71912-5FB2-41E4-A1B0-B53F7739EB3C}.Release|Any CPU.ActiveCfg = Release|Any CPU
		{D3E71912-5FB2-41E4-A1B0-B53F7739EB3C}.Release|Any CPU.Build.0 = Release|Any CPU
		{A2068434-E182-4EB5-A6E9-FAEF8725872B}.Debug|Any CPU.ActiveCfg = Debug|Any CPU
		{A2068434-E182-4EB5-A6E9-FAEF8725872B}.Debug|Any CPU.Build.0 = Debug|Any CPU
		{A2068434-E182-4EB5-A6E9-FAEF8725872B}.Release|Any CPU.ActiveCfg = Release|Any CPU
		{A2068434-E182-4EB5-A6E9-FAEF8725872B}.Release|Any CPU.Build.0 = Release|Any CPU
		{BA3D3BFD-E33D-46FD-937C-7ACD32A997A5}.Debug|Any CPU.ActiveCfg = Debug|Any CPU
		{BA3D3BFD-E33D-46FD-937C-7ACD32A997A5}.Debug|Any CPU.Build.0 = Debug|Any CPU
		{BA3D3BFD-E33D-46FD-937C-7ACD32A997A5}.Release|Any CPU.ActiveCfg = Release|Any CPU
		{BA3D3BFD-E33D-46FD-937C-7ACD32A997A5}.Release|Any CPU.Build.0 = Release|Any CPU
		{4BC784DE-2CA2-4CBD-AB50-5A7E2BAB5601}.Debug|Any CPU.ActiveCfg = Debug|Any CPU
		{4BC784DE-2CA2-4CBD-AB50-5A7E2BAB5601}.Debug|Any CPU.Build.0 = Debug|Any CPU
		{4BC784DE-2CA2-4CBD-AB50-5A7E2BAB5601}.Release|Any CPU.ActiveCfg = Release|Any CPU
		{4BC784DE-2CA2-4CBD-AB50-5A7E2BAB5601}.Release|Any CPU.Build.0 = Release|Any CPU
		{3EFF096D-722C-4B67-B9BE-2D6E38D0433B}.Debug|Any CPU.ActiveCfg = Debug|Any CPU
		{3EFF096D-722C-4B67-B9BE-2D6E38D0433B}.Debug|Any CPU.Build.0 = Debug|Any CPU
		{3EFF096D-722C-4B67-B9BE-2D6E38D0433B}.Release|Any CPU.ActiveCfg = Release|Any CPU
		{3EFF096D-722C-4B67-B9BE-2D6E38D0433B}.Release|Any CPU.Build.0 = Release|Any CPU
		{AEC6B9E3-68E6-4885-8AD0-E5A44DC24691}.Debug|Any CPU.ActiveCfg = Debug|Any CPU
		{AEC6B9E3-68E6-4885-8AD0-E5A44DC24691}.Debug|Any CPU.Build.0 = Debug|Any CPU
		{AEC6B9E3-68E6-4885-8AD0-E5A44DC24691}.Release|Any CPU.ActiveCfg = Release|Any CPU
		{AEC6B9E3-68E6-4885-8AD0-E5A44DC24691}.Release|Any CPU.Build.0 = Release|Any CPU
		{87681249-D11B-40DF-A199-E82AA6E12BBF}.Debug|Any CPU.ActiveCfg = Debug|Any CPU
		{87681249-D11B-40DF-A199-E82AA6E12BBF}.Debug|Any CPU.Build.0 = Debug|Any CPU
		{87681249-D11B-40DF-A199-E82AA6E12BBF}.Release|Any CPU.ActiveCfg = Release|Any CPU
		{87681249-D11B-40DF-A199-E82AA6E12BBF}.Release|Any CPU.Build.0 = Release|Any CPU
		{FAAD6B59-87EA-4F27-A19C-41EF4C37E59F}.Debug|Any CPU.ActiveCfg = Debug|Any CPU
		{FAAD6B59-87EA-4F27-A19C-41EF4C37E59F}.Debug|Any CPU.Build.0 = Debug|Any CPU
		{FAAD6B59-87EA-4F27-A19C-41EF4C37E59F}.Release|Any CPU.ActiveCfg = Release|Any CPU
		{FAAD6B59-87EA-4F27-A19C-41EF4C37E59F}.Release|Any CPU.Build.0 = Release|Any CPU
		{B32F06A2-B6E5-44C1-90A4-F5A3AD9661D0}.Debug|Any CPU.ActiveCfg = Debug|Any CPU
		{B32F06A2-B6E5-44C1-90A4-F5A3AD9661D0}.Debug|Any CPU.Build.0 = Debug|Any CPU
		{B32F06A2-B6E5-44C1-90A4-F5A3AD9661D0}.Release|Any CPU.ActiveCfg = Release|Any CPU
		{B32F06A2-B6E5-44C1-90A4-F5A3AD9661D0}.Release|Any CPU.Build.0 = Release|Any CPU
		{5A6B366F-4E26-4DB2-9DF0-A281C092D628}.Debug|Any CPU.ActiveCfg = Debug|Any CPU
		{5A6B366F-4E26-4DB2-9DF0-A281C092D628}.Debug|Any CPU.Build.0 = Debug|Any CPU
		{5A6B366F-4E26-4DB2-9DF0-A281C092D628}.Release|Any CPU.ActiveCfg = Release|Any CPU
		{5A6B366F-4E26-4DB2-9DF0-A281C092D628}.Release|Any CPU.Build.0 = Release|Any CPU
		{729DB946-93A4-41CC-B7C5-3EF72AFA7D10}.Debug|Any CPU.ActiveCfg = Debug|Any CPU
		{729DB946-93A4-41CC-B7C5-3EF72AFA7D10}.Debug|Any CPU.Build.0 = Debug|Any CPU
		{729DB946-93A4-41CC-B7C5-3EF72AFA7D10}.Release|Any CPU.ActiveCfg = Release|Any CPU
		{729DB946-93A4-41CC-B7C5-3EF72AFA7D10}.Release|Any CPU.Build.0 = Release|Any CPU
		{5F6829BB-21F7-4CAC-A867-2F0D5E81A55C}.Debug|Any CPU.ActiveCfg = Debug|Any CPU
		{5F6829BB-21F7-4CAC-A867-2F0D5E81A55C}.Debug|Any CPU.Build.0 = Debug|Any CPU
		{5F6829BB-21F7-4CAC-A867-2F0D5E81A55C}.Release|Any CPU.ActiveCfg = Release|Any CPU
		{5F6829BB-21F7-4CAC-A867-2F0D5E81A55C}.Release|Any CPU.Build.0 = Release|Any CPU
		{4CED53F7-FDC5-424D-92E7-C126C65DC771}.Debug|Any CPU.ActiveCfg = Debug|Any CPU
		{4CED53F7-FDC5-424D-92E7-C126C65DC771}.Debug|Any CPU.Build.0 = Debug|Any CPU
		{4CED53F7-FDC5-424D-92E7-C126C65DC771}.Release|Any CPU.ActiveCfg = Release|Any CPU
		{4CED53F7-FDC5-424D-92E7-C126C65DC771}.Release|Any CPU.Build.0 = Release|Any CPU
		{2AA23323-58BB-43F6-9625-4C7A9D8FE886}.Debug|Any CPU.ActiveCfg = Debug|Any CPU
		{2AA23323-58BB-43F6-9625-4C7A9D8FE886}.Debug|Any CPU.Build.0 = Debug|Any CPU
		{2AA23323-58BB-43F6-9625-4C7A9D8FE886}.Release|Any CPU.ActiveCfg = Release|Any CPU
		{2AA23323-58BB-43F6-9625-4C7A9D8FE886}.Release|Any CPU.Build.0 = Release|Any CPU
		{11CFFA8B-B23F-4B7F-9C61-7166F111C467}.Debug|Any CPU.ActiveCfg = Debug|Any CPU
		{11CFFA8B-B23F-4B7F-9C61-7166F111C467}.Debug|Any CPU.Build.0 = Debug|Any CPU
		{11CFFA8B-B23F-4B7F-9C61-7166F111C467}.Release|Any CPU.ActiveCfg = Release|Any CPU
		{11CFFA8B-B23F-4B7F-9C61-7166F111C467}.Release|Any CPU.Build.0 = Release|Any CPU
		{F7C1B4D5-9B68-4E7C-B56E-14B0274C6027}.Debug|Any CPU.ActiveCfg = Debug|Any CPU
		{F7C1B4D5-9B68-4E7C-B56E-14B0274C6027}.Debug|Any CPU.Build.0 = Debug|Any CPU
		{F7C1B4D5-9B68-4E7C-B56E-14B0274C6027}.Release|Any CPU.ActiveCfg = Release|Any CPU
		{F7C1B4D5-9B68-4E7C-B56E-14B0274C6027}.Release|Any CPU.Build.0 = Release|Any CPU
		{5A56C973-E11D-4F3D-88B7-897A4E2A44DC}.Debug|Any CPU.ActiveCfg = Debug|Any CPU
		{5A56C973-E11D-4F3D-88B7-897A4E2A44DC}.Debug|Any CPU.Build.0 = Debug|Any CPU
		{5A56C973-E11D-4F3D-88B7-897A4E2A44DC}.Release|Any CPU.ActiveCfg = Release|Any CPU
		{5A56C973-E11D-4F3D-88B7-897A4E2A44DC}.Release|Any CPU.Build.0 = Release|Any CPU
		{256B2C87-E1D7-44A5-93EA-019719265642}.Debug|Any CPU.ActiveCfg = Debug|Any CPU
		{256B2C87-E1D7-44A5-93EA-019719265642}.Debug|Any CPU.Build.0 = Debug|Any CPU
		{256B2C87-E1D7-44A5-93EA-019719265642}.Release|Any CPU.ActiveCfg = Release|Any CPU
		{256B2C87-E1D7-44A5-93EA-019719265642}.Release|Any CPU.Build.0 = Release|Any CPU
		{3A89886F-E325-4AD4-804A-C1FE2C76B7B7}.Debug|Any CPU.ActiveCfg = Debug|Any CPU
		{3A89886F-E325-4AD4-804A-C1FE2C76B7B7}.Debug|Any CPU.Build.0 = Debug|Any CPU
		{3A89886F-E325-4AD4-804A-C1FE2C76B7B7}.Release|Any CPU.ActiveCfg = Release|Any CPU
		{3A89886F-E325-4AD4-804A-C1FE2C76B7B7}.Release|Any CPU.Build.0 = Release|Any CPU
		{4E3A0FCF-424C-43AF-8E15-589C0AF36929}.Debug|Any CPU.ActiveCfg = Debug|Any CPU
		{4E3A0FCF-424C-43AF-8E15-589C0AF36929}.Debug|Any CPU.Build.0 = Debug|Any CPU
		{4E3A0FCF-424C-43AF-8E15-589C0AF36929}.Release|Any CPU.ActiveCfg = Release|Any CPU
		{4E3A0FCF-424C-43AF-8E15-589C0AF36929}.Release|Any CPU.Build.0 = Release|Any CPU
	EndGlobalSection
	GlobalSection(SolutionProperties) = preSolution
		HideSolutionNode = FALSE
	EndGlobalSection
	GlobalSection(NestedProjects) = preSolution
		{0ED1B0C7-2433-4FA6-8EB4-244472E8CCAB} = {02EA681E-C7D8-13C7-8484-4AC65E1B71E8}
		{FEE2AE94-DF5B-4506-B679-DD6F9F2131EA} = {02EA681E-C7D8-13C7-8484-4AC65E1B71E8}
		{0D7606EE-ED76-4465-AC1C-47E526169358} = {02EA681E-C7D8-13C7-8484-4AC65E1B71E8}
		{4E644F50-9BA7-4884-9942-B413AB03ACD8} = {02EA681E-C7D8-13C7-8484-4AC65E1B71E8}
		{0964EA53-7799-434F-A0A6-CB5AED823FF8} = {0ED1B0C7-2433-4FA6-8EB4-244472E8CCAB}
		{8B400E7B-A1E5-4C1A-A1EB-5F214F26A16E} = {0ED1B0C7-2433-4FA6-8EB4-244472E8CCAB}
		{97B7F591-D68A-4247-AE13-E733D1ECFE4A} = {0ED1B0C7-2433-4FA6-8EB4-244472E8CCAB}
		{E57ECE39-F63F-417D-9110-00DD5B83C195} = {0ED1B0C7-2433-4FA6-8EB4-244472E8CCAB}
		{CC136C8F-892F-4FBE-B1B2-DA5BA1D129E6} = {0D7606EE-ED76-4465-AC1C-47E526169358}
		{743F8234-971C-45B9-81D4-562AED23E274} = {0D7606EE-ED76-4465-AC1C-47E526169358}
		{D6F59981-80FE-4076-B16C-3B6759B61C72} = {0D7606EE-ED76-4465-AC1C-47E526169358}
		{A1A2901A-8242-4F44-A5F8-A0ADFCE01443} = {0D7606EE-ED76-4465-AC1C-47E526169358}
		{D3E71912-5FB2-41E4-A1B0-B53F7739EB3C} = {FEE2AE94-DF5B-4506-B679-DD6F9F2131EA}
		{A2068434-E182-4EB5-A6E9-FAEF8725872B} = {FEE2AE94-DF5B-4506-B679-DD6F9F2131EA}
		{BA3D3BFD-E33D-46FD-937C-7ACD32A997A5} = {FEE2AE94-DF5B-4506-B679-DD6F9F2131EA}
		{4BC784DE-2CA2-4CBD-AB50-5A7E2BAB5601} = {FEE2AE94-DF5B-4506-B679-DD6F9F2131EA}
		{3EFF096D-722C-4B67-B9BE-2D6E38D0433B} = {D75E9FE3-3284-4D86-B2C8-42DE3E68307B}
		{AEC6B9E3-68E6-4885-8AD0-E5A44DC24691} = {D75E9FE3-3284-4D86-B2C8-42DE3E68307B}
		{87681249-D11B-40DF-A199-E82AA6E12BBF} = {D75E9FE3-3284-4D86-B2C8-42DE3E68307B}
		{FAAD6B59-87EA-4F27-A19C-41EF4C37E59F} = {D75E9FE3-3284-4D86-B2C8-42DE3E68307B}
		{B32F06A2-B6E5-44C1-90A4-F5A3AD9661D0} = {D75E9FE3-3284-4D86-B2C8-42DE3E68307B}
		{5A6B366F-4E26-4DB2-9DF0-A281C092D628} = {D75E9FE3-3284-4D86-B2C8-42DE3E68307B}
		{729DB946-93A4-41CC-B7C5-3EF72AFA7D10} = {4E644F50-9BA7-4884-9942-B413AB03ACD8}
		{65C6BA38-EFD8-47F3-9484-7DED031DB637} = {6E794C3B-F831-41FD-92A0-9F3FA528173E}
		{37B3E511-E027-45C2-813B-6CD368833404} = {6E794C3B-F831-41FD-92A0-9F3FA528173E}
		{5F6829BB-21F7-4CAC-A867-2F0D5E81A55C} = {65C6BA38-EFD8-47F3-9484-7DED031DB637}
		{4CED53F7-FDC5-424D-92E7-C126C65DC771} = {65C6BA38-EFD8-47F3-9484-7DED031DB637}
		{2AA23323-58BB-43F6-9625-4C7A9D8FE886} = {65C6BA38-EFD8-47F3-9484-7DED031DB637}
		{11CFFA8B-B23F-4B7F-9C61-7166F111C467} = {65C6BA38-EFD8-47F3-9484-7DED031DB637}
		{F7C1B4D5-9B68-4E7C-B56E-14B0274C6027} = {37B3E511-E027-45C2-813B-6CD368833404}
		{5A56C973-E11D-4F3D-88B7-897A4E2A44DC} = {37B3E511-E027-45C2-813B-6CD368833404}
		{256B2C87-E1D7-44A5-93EA-019719265642} = {37B3E511-E027-45C2-813B-6CD368833404}
		{3A89886F-E325-4AD4-804A-C1FE2C76B7B7} = {37B3E511-E027-45C2-813B-6CD368833404}
		{4E3A0FCF-424C-43AF-8E15-589C0AF36929} = {65C6BA38-EFD8-47F3-9484-7DED031DB637}
	EndGlobalSection
	GlobalSection(ExtensibilityGlobals) = postSolution
		SolutionGuid = {77B226AE-32FD-48F5-A9D9-B698BD9F493B}
	EndGlobalSection
EndGlobal
